
Microsoft Visual Studio Solution File, Format Version 12.00
# Visual Studio Version 17
VisualStudioVersion = 17.5.33414.496
MinimumVisualStudioVersion = 10.0.40219.1
Project("{FAE04EC0-301F-11D3-BF4B-00C04F79EFBC}") = "HashSet", "HashSet\HashSet.csproj", "{E18D359E-8019-4956-8F67-775E58C1BC61}"
EndProject
Global
	GlobalSection(SolutionConfigurationPlatforms) = preSolution
		Debug|Any CPU = Debug|Any CPU
		Release|Any CPU = Release|Any CPU
	EndGlobalSection
	GlobalSection(ProjectConfigurationPlatforms) = postSolution
		{E18D359E-8019-4956-8F67-775E58C1BC61}.Debug|Any CPU.ActiveCfg = Debug|Any CPU
		{E18D359E-8019-4956-8F67-775E58C1BC61}.Debug|Any CPU.Build.0 = Debug|Any CPU
		{E18D359E-8019-4956-8F67-775E58C1BC61}.Release|Any CPU.ActiveCfg = Release|Any CPU
		{E18D359E-8019-4956-8F67-775E58C1BC61}.Release|Any CPU.Build.0 = Release|Any CPU
	EndGlobalSection
	GlobalSection(SolutionProperties) = preSolution
		HideSolutionNode = FALSE
	EndGlobalSection
	GlobalSection(ExtensibilityGlobals) = postSolution
		SolutionGuid = {F8F65C28-2035-4D45-B5B4-29709F866ACA}
	EndGlobalSection
EndGlobal
